
Microsoft Visual Studio Solution File, Format Version 12.00
# Visual Studio Version 16
VisualStudioVersion = 16.0.30114.105
MinimumVisualStudioVersion = 10.0.40219.1
Project("{2150E333-8FDC-42A3-9474-1A3956D46DE8}") = "test", "test", "{52389109-35EA-46D8-A304-5DB1D9FDFCC6}"
EndProject
Project("{9A19103F-16F7-4668-BE54-9A1E7A4F7556}") = "LowlandTech.TinyTools.Test", "test\lowlandtech.tinytools.tests\LowlandTech.TinyTools.Test.csproj", "{04981A62-5372-438C-B18B-4C76C33CFEB6}"
EndProject
Project("{2150E333-8FDC-42A3-9474-1A3956D46DE8}") = "src", "src", "{73F9EEC1-AD87-4E35-927F-523BBFD3E81C}"
EndProject
Project("{9A19103F-16F7-4668-BE54-9A1E7A4F7556}") = "LowlandTech.TinyTools", "src\lowlandtech.tinytools\LowlandTech.TinyTools.csproj", "{3FB04BE2-C77E-4509-AB1C-74FFF779C25B}"
EndProject
Project("{2150E333-8FDC-42A3-9474-1A3956D46DE8}") = "files", "files", "{CFAB905A-53AF-4AA8-9C67-3C90D1D01763}"
	ProjectSection(SolutionItems) = preProject
		.gitlab-ci.yml = .gitlab-ci.yml
		release-notes = release-notes
	EndProjectSection
EndProject
Global
	GlobalSection(SolutionConfigurationPlatforms) = preSolution
		Debug|Any CPU = Debug|Any CPU
		Debug|x64 = Debug|x64
		Debug|x86 = Debug|x86
		Release|Any CPU = Release|Any CPU
		Release|x64 = Release|x64
		Release|x86 = Release|x86
	EndGlobalSection
	GlobalSection(ProjectConfigurationPlatforms) = postSolution
		{04981A62-5372-438C-B18B-4C76C33CFEB6}.Debug|Any CPU.ActiveCfg = Debug|Any CPU
		{04981A62-5372-438C-B18B-4C76C33CFEB6}.Debug|Any CPU.Build.0 = Debug|Any CPU
		{04981A62-5372-438C-B18B-4C76C33CFEB6}.Debug|x64.ActiveCfg = Debug|Any CPU
		{04981A62-5372-438C-B18B-4C76C33CFEB6}.Debug|x64.Build.0 = Debug|Any CPU
		{04981A62-5372-438C-B18B-4C76C33CFEB6}.Debug|x86.ActiveCfg = Debug|Any CPU
		{04981A62-5372-438C-B18B-4C76C33CFEB6}.Debug|x86.Build.0 = Debug|Any CPU
		{04981A62-5372-438C-B18B-4C76C33CFEB6}.Release|Any CPU.ActiveCfg = Release|Any CPU
		{04981A62-5372-438C-B18B-4C76C33CFEB6}.Release|Any CPU.Build.0 = Release|Any CPU
		{04981A62-5372-438C-B18B-4C76C33CFEB6}.Release|x64.ActiveCfg = Release|Any CPU
		{04981A62-5372-438C-B18B-4C76C33CFEB6}.Release|x64.Build.0 = Release|Any CPU
		{04981A62-5372-438C-B18B-4C76C33CFEB6}.Release|x86.ActiveCfg = Release|Any CPU
		{04981A62-5372-438C-B18B-4C76C33CFEB6}.Release|x86.Build.0 = Release|Any CPU
		{3FB04BE2-C77E-4509-AB1C-74FFF779C25B}.Debug|Any CPU.ActiveCfg = Debug|Any CPU
		{3FB04BE2-C77E-4509-AB1C-74FFF779C25B}.Debug|Any CPU.Build.0 = Debug|Any CPU
		{3FB04BE2-C77E-4509-AB1C-74FFF779C25B}.Debug|x64.ActiveCfg = Debug|Any CPU
		{3FB04BE2-C77E-4509-AB1C-74FFF779C25B}.Debug|x64.Build.0 = Debug|Any CPU
		{3FB04BE2-C77E-4509-AB1C-74FFF779C25B}.Debug|x86.ActiveCfg = Debug|Any CPU
		{3FB04BE2-C77E-4509-AB1C-74FFF779C25B}.Debug|x86.Build.0 = Debug|Any CPU
		{3FB04BE2-C77E-4509-AB1C-74FFF779C25B}.Release|Any CPU.ActiveCfg = Release|Any CPU
		{3FB04BE2-C77E-4509-AB1C-74FFF779C25B}.Release|Any CPU.Build.0 = Release|Any CPU
		{3FB04BE2-C77E-4509-AB1C-74FFF779C25B}.Release|x64.ActiveCfg = Release|Any CPU
		{3FB04BE2-C77E-4509-AB1C-74FFF779C25B}.Release|x64.Build.0 = Release|Any CPU
		{3FB04BE2-C77E-4509-AB1C-74FFF779C25B}.Release|x86.ActiveCfg = Release|Any CPU
		{3FB04BE2-C77E-4509-AB1C-74FFF779C25B}.Release|x86.Build.0 = Release|Any CPU
	EndGlobalSection
	GlobalSection(SolutionProperties) = preSolution
		HideSolutionNode = FALSE
	EndGlobalSection
	GlobalSection(NestedProjects) = preSolution
		{04981A62-5372-438C-B18B-4C76C33CFEB6} = {52389109-35EA-46D8-A304-5DB1D9FDFCC6}
		{3FB04BE2-C77E-4509-AB1C-74FFF779C25B} = {73F9EEC1-AD87-4E35-927F-523BBFD3E81C}
	EndGlobalSection
	GlobalSection(ExtensibilityGlobals) = postSolution
		SolutionGuid = {8E4C6435-4E8C-4CD6-BCA3-D7B746B8405D}
	EndGlobalSection
EndGlobal
